SITE
  remote: https://supermarket.getchef.com/api/v1
  specs:
    apt (2.5.3)
    build-essential (2.0.0)

GIT
  remote: git@github.com:articlemetrics/ruby-cookbook.git
  ref: master
  sha: 117a7dbd0403b190d3a847849b566de57baa7897
  specs:
    ruby (0.1.4)
      apt (~> 2.5.3)
      build-essential (= 2.0.0)

PATH
  remote: ../passenger_nginx-cookbook
  specs:
    passenger_nginx (0.1.11)
      apt (~> 2.5.3)
      build-essential (= 2.0.0)
      ruby (~> 0.1.0)

DEPENDENCIES
  passenger_nginx (>= 0)
  ruby (>= 0)

